
Microsoft Visual Studio Solution File, Format Version 12.00
# Visual Studio 15
VisualStudioVersion = 15.0.28307.106
MinimumVisualStudioVersion = 10.0.40219.1
Project("{2150E333-8FDC-42A3-9474-1A3956D46DE8}") = "Sample", "Sample", "{5188EE57-C784-4A63-99E6-A4DEEB885EB7}"
EndProject
Project("{9A19103F-16F7-4668-BE54-9A1E7A4F7556}") = "0.1PayWeb", "Sample\0.1PayWeb\0.1PayWeb.csproj", "{6735106B-3382-4CB3-8C17-DAE5CFED6B44}"
EndProject
Project("{2150E333-8FDC-42A3-9474-1A3956D46DE8}") = "Project", "Project", "{ADECCB9D-C88B-4FCC-9152-1AE68E8614C5}"
EndProject
Project("{2150E333-8FDC-42A3-9474-1A3956D46DE8}") = "Util", "Util", "{C1514058-CA4D-483B-9F11-5B0AE0C236B9}"
EndProject
Project("{9A19103F-16F7-4668-BE54-9A1E7A4F7556}") = "01-Util", "Project\Util\src\Util\01-Util.csproj", "{F08E0EE3-C9E3-471D-B648-CBB7A9827524}"
EndProject
Project("{9A19103F-16F7-4668-BE54-9A1E7A4F7556}") = "07-Util.Applications", "Project\Util\src\Util.Applications\07-Util.Applications.csproj", "{BC17513E-D640-4CD2-8667-E3AB7D8011AE}"
EndProject
Project("{9A19103F-16F7-4668-BE54-9A1E7A4F7556}") = "01-Util.Biz", "Project\Util\src\Util.Biz\01-Util.Biz.csproj", "{B4686997-06FC-4C10-9D28-7E3B7602ED65}"
EndProject
Project("{9A19103F-16F7-4668-BE54-9A1E7A4F7556}") = "02-Util.Biz.Payments", "Project\Util\src\Util.Biz.Payments\02-Util.Biz.Payments.csproj", "{FBF46566-3789-4B4A-A3C1-6A74F04CC043}"
EndProject
Project("{9A19103F-16F7-4668-BE54-9A1E7A4F7556}") = "06-Util.Datas", "Project\Util\src\Util.Datas\06-Util.Datas.csproj", "{6B7AC276-19F0-4A05-AC37-394908D1138A}"
EndProject
Project("{9A19103F-16F7-4668-BE54-9A1E7A4F7556}") = "04-Util.Events", "Project\Util\src\Util.Events\04-Util.Events.csproj", "{7FEEF5AB-3A43-40DF-B433-0AD604A5B083}"
EndProject
Project("{9A19103F-16F7-4668-BE54-9A1E7A4F7556}") = "03-Util.Logs", "Project\Util\src\Util.Logs\03-Util.Logs.csproj", "{74F22F6D-B165-479A-B936-33FFB0E8420D}"
EndProject
Project("{9A19103F-16F7-4668-BE54-9A1E7A4F7556}") = "05-Util.Schedulers", "Project\Util\src\Util.Schedulers\05-Util.Schedulers.csproj", "{0795EB62-9F0F-4472-AC81-7F0661F25E83}"
EndProject
Project("{9A19103F-16F7-4668-BE54-9A1E7A4F7556}") = "02-Util.Security", "Project\Util\src\Util.Security\02-Util.Security.csproj", "{0FDDD843-B43C-4127-A3D9-03B7862F2826}"
EndProject
Project("{9A19103F-16F7-4668-BE54-9A1E7A4F7556}") = "01-Util.Tools.QrCode", "Project\Util\src\Util.Tools.QrCode\01-Util.Tools.QrCode.csproj", "{54CF1B21-D414-4164-98B6-5E583294DA1B}"
EndProject
Project("{9A19103F-16F7-4668-BE54-9A1E7A4F7556}") = "02-Util.Tools.Sms", "Project\Util\src\Util.Tools.Sms\02-Util.Tools.Sms.csproj", "{A0D1B4AD-1AAE-4B82-8585-B93178A05B4A}"
EndProject
Project("{9A19103F-16F7-4668-BE54-9A1E7A4F7556}") = "01-Util.Ui.Abstractions", "Project\Util\src\Util.Ui.Abstractions\01-Util.Ui.Abstractions.csproj", "{22994F20-C7A5-4BB1-A41F-C2560475CCC1}"
EndProject
Project("{9A19103F-16F7-4668-BE54-9A1E7A4F7556}") = "03-Util.Ui.Angular", "Project\Util\src\Util.Ui.Angular\03-Util.Ui.Angular.csproj", "{C8C98169-D248-4381-9EDE-64B6225CF340}"
EndProject
Project("{9A19103F-16F7-4668-BE54-9A1E7A4F7556}") = "02-Util.Ui.Core", "Project\Util\src\Util.Ui.Core\02-Util.Ui.Core.csproj", "{FA8DB224-2E66-4FB4-996A-3B79112D4623}"
EndProject
Project("{9A19103F-16F7-4668-BE54-9A1E7A4F7556}") = "08-Util.Webs", "Project\Util\src\Util.Webs\08-Util.Webs.csproj", "{4D3B78B7-F59B-4B04-A58B-EC3E96F3A938}"
EndProject
Global
	GlobalSection(SolutionConfigurationPlatforms) = preSolution
		Debug|Any CPU = Debug|Any CPU
		Release|Any CPU = Release|Any CPU
	EndGlobalSection
	GlobalSection(ProjectConfigurationPlatforms) = postSolution
		{6735106B-3382-4CB3-8C17-DAE5CFED6B44}.Debug|Any CPU.ActiveCfg = Debug|Any CPU
		{6735106B-3382-4CB3-8C17-DAE5CFED6B44}.Debug|Any CPU.Build.0 = Debug|Any CPU
		{6735106B-3382-4CB3-8C17-DAE5CFED6B44}.Release|Any CPU.ActiveCfg = Release|Any CPU
		{6735106B-3382-4CB3-8C17-DAE5CFED6B44}.Release|Any CPU.Build.0 = Release|Any CPU
		{F08E0EE3-C9E3-471D-B648-CBB7A9827524}.Debug|Any CPU.ActiveCfg = Debug|Any CPU
		{F08E0EE3-C9E3-471D-B648-CBB7A9827524}.Debug|Any CPU.Build.0 = Debug|Any CPU
		{F08E0EE3-C9E3-471D-B648-CBB7A9827524}.Release|Any CPU.ActiveCfg = Release|Any CPU
		{F08E0EE3-C9E3-471D-B648-CBB7A9827524}.Release|Any CPU.Build.0 = Release|Any CPU
		{BC17513E-D640-4CD2-8667-E3AB7D8011AE}.Debug|Any CPU.ActiveCfg = Debug|Any CPU
		{BC17513E-D640-4CD2-8667-E3AB7D8011AE}.Debug|Any CPU.Build.0 = Debug|Any CPU
		{BC17513E-D640-4CD2-8667-E3AB7D8011AE}.Release|Any CPU.ActiveCfg = Release|Any CPU
		{BC17513E-D640-4CD2-8667-E3AB7D8011AE}.Release|Any CPU.Build.0 = Release|Any CPU
		{B4686997-06FC-4C10-9D28-7E3B7602ED65}.Debug|Any CPU.ActiveCfg = Debug|Any CPU
		{B4686997-06FC-4C10-9D28-7E3B7602ED65}.Debug|Any CPU.Build.0 = Debug|Any CPU
		{B4686997-06FC-4C10-9D28-7E3B7602ED65}.Release|Any CPU.ActiveCfg = Release|Any CPU
		{B4686997-06FC-4C10-9D28-7E3B7602ED65}.Release|Any CPU.Build.0 = Release|Any CPU
		{FBF46566-3789-4B4A-A3C1-6A74F04CC043}.Debug|Any CPU.ActiveCfg = Debug|Any CPU
		{FBF46566-3789-4B4A-A3C1-6A74F04CC043}.Debug|Any CPU.Build.0 = Debug|Any CPU
		{FBF46566-3789-4B4A-A3C1-6A74F04CC043}.Release|Any CPU.ActiveCfg = Release|Any CPU
		{FBF46566-3789-4B4A-A3C1-6A74F04CC043}.Release|Any CPU.Build.0 = Release|Any CPU
		{6B7AC276-19F0-4A05-AC37-394908D1138A}.Debug|Any CPU.ActiveCfg = Debug|Any CPU
		{6B7AC276-19F0-4A05-AC37-394908D1138A}.Debug|Any CPU.Build.0 = Debug|Any CPU
		{6B7AC276-19F0-4A05-AC37-394908D1138A}.Release|Any CPU.ActiveCfg = Release|Any CPU
		{6B7AC276-19F0-4A05-AC37-394908D1138A}.Release|Any CPU.Build.0 = Release|Any CPU
		{7FEEF5AB-3A43-40DF-B433-0AD604A5B083}.Debug|Any CPU.ActiveCfg = Debug|Any CPU
		{7FEEF5AB-3A43-40DF-B433-0AD604A5B083}.Debug|Any CPU.Build.0 = Debug|Any CPU
		{7FEEF5AB-3A43-40DF-B433-0AD604A5B083}.Release|Any CPU.ActiveCfg = Release|Any CPU
		{7FEEF5AB-3A43-40DF-B433-0AD604A5B083}.Release|Any CPU.Build.0 = Release|Any CPU
		{74F22F6D-B165-479A-B936-33FFB0E8420D}.Debug|Any CPU.ActiveCfg = Debug|Any CPU
		{74F22F6D-B165-479A-B936-33FFB0E8420D}.Debug|Any CPU.Build.0 = Debug|Any CPU
		{74F22F6D-B165-479A-B936-33FFB0E8420D}.Release|Any CPU.ActiveCfg = Release|Any CPU
		{74F22F6D-B165-479A-B936-33FFB0E8420D}.Release|Any CPU.Build.0 = Release|Any CPU
		{0795EB62-9F0F-4472-AC81-7F0661F25E83}.Debug|Any CPU.ActiveCfg = Debug|Any CPU
		{0795EB62-9F0F-4472-AC81-7F0661F25E83}.Debug|Any CPU.Build.0 = Debug|Any CPU
		{0795EB62-9F0F-4472-AC81-7F0661F25E83}.Release|Any CPU.ActiveCfg = Release|Any CPU
		{0795EB62-9F0F-4472-AC81-7F0661F25E83}.Release|Any CPU.Build.0 = Release|Any CPU
		{0FDDD843-B43C-4127-A3D9-03B7862F2826}.Debug|Any CPU.ActiveCfg = Debug|Any CPU
		{0FDDD843-B43C-4127-A3D9-03B7862F2826}.Debug|Any CPU.Build.0 = Debug|Any CPU
		{0FDDD843-B43C-4127-A3D9-03B7862F2826}.Release|Any CPU.ActiveCfg = Release|Any CPU
		{0FDDD843-B43C-4127-A3D9-03B7862F2826}.Release|Any CPU.Build.0 = Release|Any CPU
		{54CF1B21-D414-4164-98B6-5E583294DA1B}.Debug|Any CPU.ActiveCfg = Debug|Any CPU
		{54CF1B21-D414-4164-98B6-5E583294DA1B}.Debug|Any CPU.Build.0 = Debug|Any CPU
		{54CF1B21-D414-4164-98B6-5E583294DA1B}.Release|Any CPU.ActiveCfg = Release|Any CPU
		{54CF1B21-D414-4164-98B6-5E583294DA1B}.Release|Any CPU.Build.0 = Release|Any CPU
		{A0D1B4AD-1AAE-4B82-8585-B93178A05B4A}.Debug|Any CPU.ActiveCfg = Debug|Any CPU
		{A0D1B4AD-1AAE-4B82-8585-B93178A05B4A}.Debug|Any CPU.Build.0 = Debug|Any CPU
		{A0D1B4AD-1AAE-4B82-8585-B93178A05B4A}.Release|Any CPU.ActiveCfg = Release|Any CPU
		{A0D1B4AD-1AAE-4B82-8585-B93178A05B4A}.Release|Any CPU.Build.0 = Release|Any CPU
		{22994F20-C7A5-4BB1-A41F-C2560475CCC1}.Debug|Any CPU.ActiveCfg = Debug|Any CPU
		{22994F20-C7A5-4BB1-A41F-C2560475CCC1}.Debug|Any CPU.Build.0 = Debug|Any CPU
		{22994F20-C7A5-4BB1-A41F-C2560475CCC1}.Release|Any CPU.ActiveCfg = Release|Any CPU
		{22994F20-C7A5-4BB1-A41F-C2560475CCC1}.Release|Any CPU.Build.0 = Release|Any CPU
		{C8C98169-D248-4381-9EDE-64B6225CF340}.Debug|Any CPU.ActiveCfg = Debug|Any CPU
		{C8C98169-D248-4381-9EDE-64B6225CF340}.Debug|Any CPU.Build.0 = Debug|Any CPU
		{C8C98169-D248-4381-9EDE-64B6225CF340}.Release|Any CPU.ActiveCfg = Release|Any CPU
		{C8C98169-D248-4381-9EDE-64B6225CF340}.Release|Any CPU.Build.0 = Release|Any CPU
		{FA8DB224-2E66-4FB4-996A-3B79112D4623}.Debug|Any CPU.ActiveCfg = Debug|Any CPU
		{FA8DB224-2E66-4FB4-996A-3B79112D4623}.Debug|Any CPU.Build.0 = Debug|Any CPU
		{FA8DB224-2E66-4FB4-996A-3B79112D4623}.Release|Any CPU.ActiveCfg = Release|Any CPU
		{FA8DB224-2E66-4FB4-996A-3B79112D4623}.Release|Any CPU.Build.0 = Release|Any CPU
		{4D3B78B7-F59B-4B04-A58B-EC3E96F3A938}.Debug|Any CPU.ActiveCfg = Debug|Any CPU
		{4D3B78B7-F59B-4B04-A58B-EC3E96F3A938}.Debug|Any CPU.Build.0 = Debug|Any CPU
		{4D3B78B7-F59B-4B04-A58B-EC3E96F3A938}.Release|Any CPU.ActiveCfg = Release|Any CPU
		{4D3B78B7-F59B-4B04-A58B-EC3E96F3A938}.Release|Any CPU.Build.0 = Release|Any CPU
	EndGlobalSection
	GlobalSection(SolutionProperties) = preSolution
		HideSolutionNode = FALSE
	EndGlobalSection
	GlobalSection(NestedProjects) = preSolution
		{6735106B-3382-4CB3-8C17-DAE5CFED6B44} = {5188EE57-C784-4A63-99E6-A4DEEB885EB7}
		{C1514058-CA4D-483B-9F11-5B0AE0C236B9} = {ADECCB9D-C88B-4FCC-9152-1AE68E8614C5}
		{F08E0EE3-C9E3-471D-B648-CBB7A9827524} = {C1514058-CA4D-483B-9F11-5B0AE0C236B9}
		{BC17513E-D640-4CD2-8667-E3AB7D8011AE} = {C1514058-CA4D-483B-9F11-5B0AE0C236B9}
		{B4686997-06FC-4C10-9D28-7E3B7602ED65} = {C1514058-CA4D-483B-9F11-5B0AE0C236B9}
		{FBF46566-3789-4B4A-A3C1-6A74F04CC043} = {C1514058-CA4D-483B-9F11-5B0AE0C236B9}
		{6B7AC276-19F0-4A05-AC37-394908D1138A} = {C1514058-CA4D-483B-9F11-5B0AE0C236B9}
		{7FEEF5AB-3A43-40DF-B433-0AD604A5B083} = {C1514058-CA4D-483B-9F11-5B0AE0C236B9}
		{74F22F6D-B165-479A-B936-33FFB0E8420D} = {C1514058-CA4D-483B-9F11-5B0AE0C236B9}
		{0795EB62-9F0F-4472-AC81-7F0661F25E83} = {C1514058-CA4D-483B-9F11-5B0AE0C236B9}
		{0FDDD843-B43C-4127-A3D9-03B7862F2826} = {C1514058-CA4D-483B-9F11-5B0AE0C236B9}
		{54CF1B21-D414-4164-98B6-5E583294DA1B} = {C1514058-CA4D-483B-9F11-5B0AE0C236B9}
		{A0D1B4AD-1AAE-4B82-8585-B93178A05B4A} = {C1514058-CA4D-483B-9F11-5B0AE0C236B9}
		{22994F20-C7A5-4BB1-A41F-C2560475CCC1} = {C1514058-CA4D-483B-9F11-5B0AE0C236B9}
		{C8C98169-D248-4381-9EDE-64B6225CF340} = {C1514058-CA4D-483B-9F11-5B0AE0C236B9}
		{FA8DB224-2E66-4FB4-996A-3B79112D4623} = {C1514058-CA4D-483B-9F11-5B0AE0C236B9}
		{4D3B78B7-F59B-4B04-A58B-EC3E96F3A938} = {C1514058-CA4D-483B-9F11-5B0AE0C236B9}
	EndGlobalSection
	GlobalSection(ExtensibilityGlobals) = postSolution
		SolutionGuid = {AC7EF674-88DD-4BD3-9E7E-AB7EF6E6CFDA}
	EndGlobalSection
EndGlobal
